
Microsoft Visual Studio Solution File, Format Version 12.00
# Visual Studio Version 17
VisualStudioVersion = 17.14.36616.10
MinimumVisualStudioVersion = 10.0.40219.1
Project("{FAE04EC0-301F-11D3-BF4B-00C04F79EFBC}") = "Biz SecureDemo_22180084", "Biz SecureDemo_22180084\Biz SecureDemo_22180084.csproj", "{92E7D3E5-2793-4DA2-B74D-79BEBE45AF46}"
EndProject
Global
	GlobalSection(SolutionConfigurationPlatforms) = preSolution
		Debug|Any CPU = Debug|Any CPU
		Release|Any CPU = Release|Any CPU
	EndGlobalSection
	GlobalSection(ProjectConfigurationPlatforms) = postSolution
		{92E7D3E5-2793-4DA2-B74D-79BEBE45AF46}.Debug|Any CPU.ActiveCfg = Debug|Any CPU
		{92E7D3E5-2793-4DA2-B74D-79BEBE45AF46}.Debug|Any CPU.Build.0 = Debug|Any CPU
		{92E7D3E5-2793-4DA2-B74D-79BEBE45AF46}.Release|Any CPU.ActiveCfg = Release|Any CPU
		{92E7D3E5-2793-4DA2-B74D-79BEBE45AF46}.Release|Any CPU.Build.0 = Release|Any CPU
	EndGlobalSection
	GlobalSection(SolutionProperties) = preSolution
		HideSolutionNode = FALSE
	EndGlobalSection
	GlobalSection(ExtensibilityGlobals) = postSolution
		SolutionGuid = {F973E8FC-7309-49B6-B682-8B635C6B2D2E}
	EndGlobalSection
EndGlobal
